PODS:
  - Alamofire (4.8.1)
  - ForecastIO (5.1.0)
  - Moya (12.0.1):
    - Moya/Core (= 12.0.1)
  - Moya/Core (12.0.1):
    - Alamofire (~> 4.1)
    - Result (~> 4.0)
  - Result (4.1.0)
  - ScrollableGraphView (4.0.6)

DEPENDENCIES:
  - Alamofire (~> 4.8)
  - ForecastIO (~> 5.1)
  - Moya (~> 12.0)
  - ScrollableGraphView (~> 4.0)

SPEC REPOS:
  https://github.com/cocoapods/specs.git:
    - Alamofire
    - ForecastIO
    - Moya
    - Result
    - ScrollableGraphView

SPEC CHECKSUMS:
  Alamofire: 16ce2c353fb72865124ddae8a57c5942388f4f11
  ForecastIO: cefaecb3a1bd764a03067a82ff546e84d3b97456
  Moya: cf730b3cd9e005401ef37a85143aa141a12fd38f
  Result: bd966fac789cc6c1563440b348ab2598cc24d5c7
  ScrollableGraphView: 4af35d4ea9ecdec665d34a74da51da161ddff8ac

PODFILE CHECKSUM: d3f1b03a81f1b1035a5f4a8234491970da3ad519

COCOAPODS: 1.5.3
